# This file is autogenerated, do not edit; changes may be undone by the next 'dep ensure'.


[[projects]]
  digest = "1:57aad2584efe9d5608b7cf5641fc39cbe820af0e9462ce5b28c88de0ec443051"
  name = "github.com/bitly/go-simplejson"
  packages = ["."]
  pruneopts = "UT"
  revision = "9002e63233f996404e710b9b29f53919c996d7ed"
  version = "v0.4.3"

[[projects]]
  digest = "1:cb12ab9443677acf9b15dbcb144dbb87a50883571f9d012b7d7a40c16e875e80"
  name = "github.com/fsnotify/fsnotify"
  packages = ["."]
  pruneopts = "UT"
  revision = "836bfd95fecc0f1511dd66bdbf2b5b61ab8b00b6"
  version = "v1.2.11"

[[projects]]
  digest = "1:066e89eab29cf68e142d23cb72e0b989a5122846adfd09a968113eafd03a65ba"
  name = "github.com/syyongx/php2go"
  packages = ["."]
  pruneopts = "UT"
  revision = "04bd43f6fabaa6af973fcb9b512141128b9d579c"
  version = "v0.9.2"

[solve-meta]
  analyzer-name = "dep"
  analyzer-version = 1
  input-imports = [
    "github.com/bitly/go-simplejson",
    "github.com/fsnotify/fsnotify",
    "github.com/syyongx/php2go",
  ]
  solver-name = "gps-cdcl"
  solver-version = 1
